
Microsoft Visual Studio Solution File, Format Version 12.00
# Visual Studio 15
VisualStudioVersion = 15.0.27703.2035
MinimumVisualStudioVersion = 10.0.40219.1
Project("{9A19103F-16F7-4668-BE54-9A1E7A4F7556}") = "CommentQuality.RestApi", "CommentQuality.RestApi\CommentQuality.RestApi.csproj", "{F0E49D64-0B94-4CD5-BAA3-57C13260C368}"
EndProject
Project("{9A19103F-16F7-4668-BE54-9A1E7A4F7556}") = "CommentQuality.AspNetCore", "CommentQuality.AspNetCore\CommentQuality.AspNetCore.csproj", "{80AD166D-C437-4D56-9810-4E7A03891AE4}"
EndProject
Project("{9A19103F-16F7-4668-BE54-9A1E7A4F7556}") = "CommentQuality.Wasm", "CommentQuality.Wasm\CommentQuality.Wasm.csproj", "{1BC462AF-9514-4962-9153-7E0A2EEC23C4}"
EndProject
Project("{9A19103F-16F7-4668-BE54-9A1E7A4F7556}") = "CommentQuality.OouiForms", "CommentQuality.OouiForms\CommentQuality.OouiForms.csproj", "{82C29D45-696D-4C39-82A7-8AED1218A86E}"
EndProject
Project("{9A19103F-16F7-4668-BE54-9A1E7A4F7556}") = "CommentQuality.Shared", "CommentQuality.Shared\CommentQuality.Shared.csproj", "{152139B5-D8C0-4EB8-BEA9-F2678D416D4D}"
EndProject
Project("{2150E333-8FDC-42A3-9474-1A3956D46DE8}") = "Uno", "Uno", "{5CDA6909-56D2-462D-BC3A-139A7EB3B866}"
EndProject
Project("{D954291E-2A0B-460D-934E-DC6B0785DB48}") = "CommentQuality.Uno.Shared", "Uno\CommentQuality.Uno\CommentQuality.Uno.Shared\CommentQuality.Uno.Shared.shproj", "{6279C845-92F8-4333-AB99-3D213163593C}"
EndProject
Project("{FAE04EC0-301F-11D3-BF4B-00C04F79EFBC}") = "CommentQuality.Uno.UWP", "Uno\CommentQuality.Uno\CommentQuality.Uno.UWP\CommentQuality.Uno.UWP.csproj", "{EBFA9A6E-3806-43F9-A8AE-42AC712E2EBB}"
EndProject
Project("{9A19103F-16F7-4668-BE54-9A1E7A4F7556}") = "CommentQuality.Uno.Wasm", "Uno\CommentQuality.Uno\CommentQuality.Uno.Wasm\CommentQuality.Uno.Wasm.csproj", "{C4E3C25B-8B30-4A3E-88DE-57E2D71D7690}"
EndProject
Project("{2150E333-8FDC-42A3-9474-1A3956D46DE8}") = "Core", "Core", "{F4D25B3A-E75A-4774-8750-DD22A09C43AC}"
EndProject
Project("{9A19103F-16F7-4668-BE54-9A1E7A4F7556}") = "CommentQuality.Core", "Core\CommentQuality.Core\CommentQuality.Core.csproj", "{D6FC87BB-CD1B-4711-81B0-B22DEFDCD67B}"
EndProject
Project("{9A19103F-16F7-4668-BE54-9A1E7A4F7556}") = "Uno.Playground.WASM", "Uno\CommentQuality.Uno\Uno.Playground.WASM\Uno.Playground.WASM.csproj", "{8DB9A3AD-71DA-4194-8535-49563B11ABA5}"
EndProject
Project("{2150E333-8FDC-42A3-9474-1A3956D46DE8}") = "Blazor", "Blazor", "{95ECCC38-76A2-4927-AC6A-C2E9AA6C424B}"
EndProject
Global
	GlobalSection(SolutionConfigurationPlatforms) = preSolution
		Ad-Hoc|Any CPU = Ad-Hoc|Any CPU
		Ad-Hoc|ARM = Ad-Hoc|ARM
		Ad-Hoc|iPhone = Ad-Hoc|iPhone
		Ad-Hoc|iPhoneSimulator = Ad-Hoc|iPhoneSimulator
		Ad-Hoc|x64 = Ad-Hoc|x64
		Ad-Hoc|x86 = Ad-Hoc|x86
		AppStore|Any CPU = AppStore|Any CPU
		AppStore|ARM = AppStore|ARM
		AppStore|iPhone = AppStore|iPhone
		AppStore|iPhoneSimulator = AppStore|iPhoneSimulator
		AppStore|x64 = AppStore|x64
		AppStore|x86 = AppStore|x86
		Debug|Any CPU = Debug|Any CPU
		Debug|ARM = Debug|ARM
		Debug|iPhone = Debug|iPhone
		Debug|iPhoneSimulator = Debug|iPhoneSimulator
		Debug|x64 = Debug|x64
		Debug|x86 = Debug|x86
		Release|Any CPU = Release|Any CPU
		Release|ARM = Release|ARM
		Release|iPhone = Release|iPhone
		Release|iPhoneSimulator = Release|iPhoneSimulator
		Release|x64 = Release|x64
		Release|x86 = Release|x86
	EndGlobalSection
	GlobalSection(ProjectConfigurationPlatforms) = postSolution
		{F0E49D64-0B94-4CD5-BAA3-57C13260C368}.Ad-Hoc|Any CPU.ActiveCfg = Release|Any CPU
		{F0E49D64-0B94-4CD5-BAA3-57C13260C368}.Ad-Hoc|Any CPU.Build.0 = Release|Any CPU
		{F0E49D64-0B94-4CD5-BAA3-57C13260C368}.Ad-Hoc|ARM.ActiveCfg = Release|Any CPU
		{F0E49D64-0B94-4CD5-BAA3-57C13260C368}.Ad-Hoc|ARM.Build.0 = Release|Any CPU
		{F0E49D64-0B94-4CD5-BAA3-57C13260C368}.Ad-Hoc|iPhone.ActiveCfg = Release|Any CPU
		{F0E49D64-0B94-4CD5-BAA3-57C13260C368}.Ad-Hoc|iPhone.Build.0 = Release|Any CPU
		{F0E49D64-0B94-4CD5-BAA3-57C13260C368}.Ad-Hoc|iPhoneSimulator.ActiveCfg = Release|Any CPU
		{F0E49D64-0B94-4CD5-BAA3-57C13260C368}.Ad-Hoc|iPhoneSimulator.Build.0 = Release|Any CPU
		{F0E49D64-0B94-4CD5-BAA3-57C13260C368}.Ad-Hoc|x64.ActiveCfg = Release|Any CPU
		{F0E49D64-0B94-4CD5-BAA3-57C13260C368}.Ad-Hoc|x64.Build.0 = Release|Any CPU
		{F0E49D64-0B94-4CD5-BAA3-57C13260C368}.Ad-Hoc|x86.ActiveCfg = Release|Any CPU
		{F0E49D64-0B94-4CD5-BAA3-57C13260C368}.Ad-Hoc|x86.Build.0 = Release|Any CPU
		{F0E49D64-0B94-4CD5-BAA3-57C13260C368}.AppStore|Any CPU.ActiveCfg = Release|Any CPU
		{F0E49D64-0B94-4CD5-BAA3-57C13260C368}.AppStore|Any CPU.Build.0 = Release|Any CPU
		{F0E49D64-0B94-4CD5-BAA3-57C13260C368}.AppStore|ARM.ActiveCfg = Release|Any CPU
		{F0E49D64-0B94-4CD5-BAA3-57C13260C368}.AppStore|ARM.Build.0 = Release|Any CPU
		{F0E49D64-0B94-4CD5-BAA3-57C13260C368}.AppStore|iPhone.ActiveCfg = Release|Any CPU
		{F0E49D64-0B94-4CD5-BAA3-57C13260C368}.AppStore|iPhone.Build.0 = Release|Any CPU
		{F0E49D64-0B94-4CD5-BAA3-57C13260C368}.AppStore|iPhoneSimulator.ActiveCfg = Release|Any CPU
		{F0E49D64-0B94-4CD5-BAA3-57C13260C368}.AppStore|iPhoneSimulator.Build.0 = Release|Any CPU
		{F0E49D64-0B94-4CD5-BAA3-57C13260C368}.AppStore|x64.ActiveCfg = Release|Any CPU
		{F0E49D64-0B94-4CD5-BAA3-57C13260C368}.AppStore|x64.Build.0 = Release|Any CPU
		{F0E49D64-0B94-4CD5-BAA3-57C13260C368}.AppStore|x86.ActiveCfg = Release|Any CPU
		{F0E49D64-0B94-4CD5-BAA3-57C13260C368}.AppStore|x86.Build.0 = Release|Any CPU
		{F0E49D64-0B94-4CD5-BAA3-57C13260C368}.Debug|Any CPU.ActiveCfg = Debug|Any CPU
		{F0E49D64-0B94-4CD5-BAA3-57C13260C368}.Debug|ARM.ActiveCfg = Debug|Any CPU
		{F0E49D64-0B94-4CD5-BAA3-57C13260C368}.Debug|ARM.Build.0 = Debug|Any CPU
		{F0E49D64-0B94-4CD5-BAA3-57C13260C368}.Debug|iPhone.ActiveCfg = Debug|Any CPU
		{F0E49D64-0B94-4CD5-BAA3-57C13260C368}.Debug|iPhone.Build.0 = Debug|Any CPU
		{F0E49D64-0B94-4CD5-BAA3-57C13260C368}.Debug|iPhoneSimulator.ActiveCfg = Debug|Any CPU
		{F0E49D64-0B94-4CD5-BAA3-57C13260C368}.Debug|iPhoneSimulator.Build.0 = Debug|Any CPU
		{F0E49D64-0B94-4CD5-BAA3-57C13260C368}.Debug|x64.ActiveCfg = Debug|Any CPU
		{F0E49D64-0B94-4CD5-BAA3-57C13260C368}.Debug|x64.Build.0 = Debug|Any CPU
		{F0E49D64-0B94-4CD5-BAA3-57C13260C368}.Debug|x86.ActiveCfg = Debug|Any CPU
		{F0E49D64-0B94-4CD5-BAA3-57C13260C368}.Debug|x86.Build.0 = Debug|Any CPU
		{F0E49D64-0B94-4CD5-BAA3-57C13260C368}.Release|Any CPU.ActiveCfg = Release|Any CPU
		{F0E49D64-0B94-4CD5-BAA3-57C13260C368}.Release|Any CPU.Build.0 = Release|Any CPU
		{F0E49D64-0B94-4CD5-BAA3-57C13260C368}.Release|ARM.ActiveCfg = Release|Any CPU
		{F0E49D64-0B94-4CD5-BAA3-57C13260C368}.Release|ARM.Build.0 = Release|Any CPU
		{F0E49D64-0B94-4CD5-BAA3-57C13260C368}.Release|iPhone.ActiveCfg = Release|Any CPU
		{F0E49D64-0B94-4CD5-BAA3-57C13260C368}.Release|iPhone.Build.0 = Release|Any CPU
		{F0E49D64-0B94-4CD5-BAA3-57C13260C368}.Release|iPhoneSimulator.ActiveCfg = Release|Any CPU
		{F0E49D64-0B94-4CD5-BAA3-57C13260C368}.Release|iPhoneSimulator.Build.0 = Release|Any CPU
		{F0E49D64-0B94-4CD5-BAA3-57C13260C368}.Release|x64.ActiveCfg = Release|Any CPU
		{F0E49D64-0B94-4CD5-BAA3-57C13260C368}.Release|x64.Build.0 = Release|Any CPU
		{F0E49D64-0B94-4CD5-BAA3-57C13260C368}.Release|x86.ActiveCfg = Release|Any CPU
		{F0E49D64-0B94-4CD5-BAA3-57C13260C368}.Release|x86.Build.0 = Release|Any CPU
		{80AD166D-C437-4D56-9810-4E7A03891AE4}.Ad-Hoc|Any CPU.ActiveCfg = Release|Any CPU
		{80AD166D-C437-4D56-9810-4E7A03891AE4}.Ad-Hoc|Any CPU.Build.0 = Release|Any CPU
		{80AD166D-C437-4D56-9810-4E7A03891AE4}.Ad-Hoc|ARM.ActiveCfg = Release|Any CPU
		{80AD166D-C437-4D56-9810-4E7A03891AE4}.Ad-Hoc|ARM.Build.0 = Release|Any CPU
		{80AD166D-C437-4D56-9810-4E7A03891AE4}.Ad-Hoc|iPhone.ActiveCfg = Release|Any CPU
		{80AD166D-C437-4D56-9810-4E7A03891AE4}.Ad-Hoc|iPhone.Build.0 = Release|Any CPU
		{80AD166D-C437-4D56-9810-4E7A03891AE4}.Ad-Hoc|iPhoneSimulator.ActiveCfg = Release|Any CPU
		{80AD166D-C437-4D56-9810-4E7A03891AE4}.Ad-Hoc|iPhoneSimulator.Build.0 = Release|Any CPU
		{80AD166D-C437-4D56-9810-4E7A03891AE4}.Ad-Hoc|x64.ActiveCfg = Release|Any CPU
		{80AD166D-C437-4D56-9810-4E7A03891AE4}.Ad-Hoc|x64.Build.0 = Release|Any CPU
		{80AD166D-C437-4D56-9810-4E7A03891AE4}.Ad-Hoc|x86.ActiveCfg = Release|Any CPU
		{80AD166D-C437-4D56-9810-4E7A03891AE4}.Ad-Hoc|x86.Build.0 = Release|Any CPU
		{80AD166D-C437-4D56-9810-4E7A03891AE4}.AppStore|Any CPU.ActiveCfg = Release|Any CPU
		{80AD166D-C437-4D56-9810-4E7A03891AE4}.AppStore|Any CPU.Build.0 = Release|Any CPU
		{80AD166D-C437-4D56-9810-4E7A03891AE4}.AppStore|ARM.ActiveCfg = Release|Any CPU
		{80AD166D-C437-4D56-9810-4E7A03891AE4}.AppStore|ARM.Build.0 = Release|Any CPU
		{80AD166D-C437-4D56-9810-4E7A03891AE4}.AppStore|iPhone.ActiveCfg = Release|Any CPU
		{80AD166D-C437-4D56-9810-4E7A03891AE4}.AppStore|iPhone.Build.0 = Release|Any CPU
		{80AD166D-C437-4D56-9810-4E7A03891AE4}.AppStore|iPhoneSimulator.ActiveCfg = Release|Any CPU
		{80AD166D-C437-4D56-9810-4E7A03891AE4}.AppStore|iPhoneSimulator.Build.0 = Release|Any CPU
		{80AD166D-C437-4D56-9810-4E7A03891AE4}.AppStore|x64.ActiveCfg = Release|Any CPU
		{80AD166D-C437-4D56-9810-4E7A03891AE4}.AppStore|x64.Build.0 = Release|Any CPU
		{80AD166D-C437-4D56-9810-4E7A03891AE4}.AppStore|x86.ActiveCfg = Release|Any CPU
		{80AD166D-C437-4D56-9810-4E7A03891AE4}.AppStore|x86.Build.0 = Release|Any CPU
		{80AD166D-C437-4D56-9810-4E7A03891AE4}.Debug|Any CPU.ActiveCfg = Debug|Any CPU
		{80AD166D-C437-4D56-9810-4E7A03891AE4}.Debug|ARM.ActiveCfg = Debug|Any CPU
		{80AD166D-C437-4D56-9810-4E7A03891AE4}.Debug|ARM.Build.0 = Debug|Any CPU
		{80AD166D-C437-4D56-9810-4E7A03891AE4}.Debug|iPhone.ActiveCfg = Debug|Any CPU
		{80AD166D-C437-4D56-9810-4E7A03891AE4}.Debug|iPhone.Build.0 = Debug|Any CPU
		{80AD166D-C437-4D56-9810-4E7A03891AE4}.Debug|iPhoneSimulator.ActiveCfg = Debug|Any CPU
		{80AD166D-C437-4D56-9810-4E7A03891AE4}.Debug|iPhoneSimulator.Build.0 = Debug|Any CPU
		{80AD166D-C437-4D56-9810-4E7A03891AE4}.Debug|x64.ActiveCfg = Debug|Any CPU
		{80AD166D-C437-4D56-9810-4E7A03891AE4}.Debug|x64.Build.0 = Debug|Any CPU
		{80AD166D-C437-4D56-9810-4E7A03891AE4}.Debug|x86.ActiveCfg = Debug|Any CPU
		{80AD166D-C437-4D56-9810-4E7A03891AE4}.Debug|x86.Build.0 = Debug|Any CPU
		{80AD166D-C437-4D56-9810-4E7A03891AE4}.Release|Any CPU.ActiveCfg = Release|Any CPU
		{80AD166D-C437-4D56-9810-4E7A03891AE4}.Release|Any CPU.Build.0 = Release|Any CPU
		{80AD166D-C437-4D56-9810-4E7A03891AE4}.Release|ARM.ActiveCfg = Release|Any CPU
		{80AD166D-C437-4D56-9810-4E7A03891AE4}.Release|ARM.Build.0 = Release|Any CPU
		{80AD166D-C437-4D56-9810-4E7A03891AE4}.Release|iPhone.ActiveCfg = Release|Any CPU
		{80AD166D-C437-4D56-9810-4E7A03891AE4}.Release|iPhone.Build.0 = Release|Any CPU
		{80AD166D-C437-4D56-9810-4E7A03891AE4}.Release|iPhoneSimulator.ActiveCfg = Release|Any CPU
		{80AD166D-C437-4D56-9810-4E7A03891AE4}.Release|iPhoneSimulator.Build.0 = Release|Any CPU
		{80AD166D-C437-4D56-9810-4E7A03891AE4}.Release|x64.ActiveCfg = Release|Any CPU
		{80AD166D-C437-4D56-9810-4E7A03891AE4}.Release|x64.Build.0 = Release|Any CPU
		{80AD166D-C437-4D56-9810-4E7A03891AE4}.Release|x86.ActiveCfg = Release|Any CPU
		{80AD166D-C437-4D56-9810-4E7A03891AE4}.Release|x86.Build.0 = Release|Any CPU
		{1BC462AF-9514-4962-9153-7E0A2EEC23C4}.Ad-Hoc|Any CPU.ActiveCfg = Release|Any CPU
		{1BC462AF-9514-4962-9153-7E0A2EEC23C4}.Ad-Hoc|Any CPU.Build.0 = Release|Any CPU
		{1BC462AF-9514-4962-9153-7E0A2EEC23C4}.Ad-Hoc|ARM.ActiveCfg = Release|Any CPU
		{1BC462AF-9514-4962-9153-7E0A2EEC23C4}.Ad-Hoc|ARM.Build.0 = Release|Any CPU
		{1BC462AF-9514-4962-9153-7E0A2EEC23C4}.Ad-Hoc|iPhone.ActiveCfg = Release|Any CPU
		{1BC462AF-9514-4962-9153-7E0A2EEC23C4}.Ad-Hoc|iPhone.Build.0 = Release|Any CPU
		{1BC462AF-9514-4962-9153-7E0A2EEC23C4}.Ad-Hoc|iPhoneSimulator.ActiveCfg = Release|Any CPU
		{1BC462AF-9514-4962-9153-7E0A2EEC23C4}.Ad-Hoc|iPhoneSimulator.Build.0 = Release|Any CPU
		{1BC462AF-9514-4962-9153-7E0A2EEC23C4}.Ad-Hoc|x64.ActiveCfg = Release|Any CPU
		{1BC462AF-9514-4962-9153-7E0A2EEC23C4}.Ad-Hoc|x64.Build.0 = Release|Any CPU
		{1BC462AF-9514-4962-9153-7E0A2EEC23C4}.Ad-Hoc|x86.ActiveCfg = Release|Any CPU
		{1BC462AF-9514-4962-9153-7E0A2EEC23C4}.Ad-Hoc|x86.Build.0 = Release|Any CPU
		{1BC462AF-9514-4962-9153-7E0A2EEC23C4}.AppStore|Any CPU.ActiveCfg = Release|Any CPU
		{1BC462AF-9514-4962-9153-7E0A2EEC23C4}.AppStore|Any CPU.Build.0 = Release|Any CPU
		{1BC462AF-9514-4962-9153-7E0A2EEC23C4}.AppStore|ARM.ActiveCfg = Release|Any CPU
		{1BC462AF-9514-4962-9153-7E0A2EEC23C4}.AppStore|ARM.Build.0 = Release|Any CPU
		{1BC462AF-9514-4962-9153-7E0A2EEC23C4}.AppStore|iPhone.ActiveCfg = Release|Any CPU
		{1BC462AF-9514-4962-9153-7E0A2EEC23C4}.AppStore|iPhone.Build.0 = Release|Any CPU
		{1BC462AF-9514-4962-9153-7E0A2EEC23C4}.AppStore|iPhoneSimulator.ActiveCfg = Release|Any CPU
		{1BC462AF-9514-4962-9153-7E0A2EEC23C4}.AppStore|iPhoneSimulator.Build.0 = Release|Any CPU
		{1BC462AF-9514-4962-9153-7E0A2EEC23C4}.AppStore|x64.ActiveCfg = Release|Any CPU
		{1BC462AF-9514-4962-9153-7E0A2EEC23C4}.AppStore|x64.Build.0 = Release|Any CPU
		{1BC462AF-9514-4962-9153-7E0A2EEC23C4}.AppStore|x86.ActiveCfg = Release|Any CPU
		{1BC462AF-9514-4962-9153-7E0A2EEC23C4}.AppStore|x86.Build.0 = Release|Any CPU
		{1BC462AF-9514-4962-9153-7E0A2EEC23C4}.Debug|Any CPU.ActiveCfg = Debug|Any CPU
		{1BC462AF-9514-4962-9153-7E0A2EEC23C4}.Debug|ARM.ActiveCfg = Debug|Any CPU
		{1BC462AF-9514-4962-9153-7E0A2EEC23C4}.Debug|ARM.Build.0 = Debug|Any CPU
		{1BC462AF-9514-4962-9153-7E0A2EEC23C4}.Debug|iPhone.ActiveCfg = Debug|Any CPU
		{1BC462AF-9514-4962-9153-7E0A2EEC23C4}.Debug|iPhone.Build.0 = Debug|Any CPU
		{1BC462AF-9514-4962-9153-7E0A2EEC23C4}.Debug|iPhoneSimulator.ActiveCfg = Debug|Any CPU
		{1BC462AF-9514-4962-9153-7E0A2EEC23C4}.Debug|iPhoneSimulator.Build.0 = Debug|Any CPU
		{1BC462AF-9514-4962-9153-7E0A2EEC23C4}.Debug|x64.ActiveCfg = Debug|Any CPU
		{1BC462AF-9514-4962-9153-7E0A2EEC23C4}.Debug|x64.Build.0 = Debug|Any CPU
		{1BC462AF-9514-4962-9153-7E0A2EEC23C4}.Debug|x86.ActiveCfg = Debug|Any CPU
		{1BC462AF-9514-4962-9153-7E0A2EEC23C4}.Debug|x86.Build.0 = Debug|Any CPU
		{1BC462AF-9514-4962-9153-7E0A2EEC23C4}.Release|Any CPU.ActiveCfg = Release|Any CPU
		{1BC462AF-9514-4962-9153-7E0A2EEC23C4}.Release|Any CPU.Build.0 = Release|Any CPU
		{1BC462AF-9514-4962-9153-7E0A2EEC23C4}.Release|ARM.ActiveCfg = Release|Any CPU
		{1BC462AF-9514-4962-9153-7E0A2EEC23C4}.Release|ARM.Build.0 = Release|Any CPU
		{1BC462AF-9514-4962-9153-7E0A2EEC23C4}.Release|iPhone.ActiveCfg = Release|Any CPU
		{1BC462AF-9514-4962-9153-7E0A2EEC23C4}.Release|iPhone.Build.0 = Release|Any CPU
		{1BC462AF-9514-4962-9153-7E0A2EEC23C4}.Release|iPhoneSimulator.ActiveCfg = Release|Any CPU
		{1BC462AF-9514-4962-9153-7E0A2EEC23C4}.Release|iPhoneSimulator.Build.0 = Release|Any CPU
		{1BC462AF-9514-4962-9153-7E0A2EEC23C4}.Release|x64.ActiveCfg = Release|Any CPU
		{1BC462AF-9514-4962-9153-7E0A2EEC23C4}.Release|x64.Build.0 = Release|Any CPU
		{1BC462AF-9514-4962-9153-7E0A2EEC23C4}.Release|x86.ActiveCfg = Release|Any CPU
		{1BC462AF-9514-4962-9153-7E0A2EEC23C4}.Release|x86.Build.0 = Release|Any CPU
		{82C29D45-696D-4C39-82A7-8AED1218A86E}.Ad-Hoc|Any CPU.ActiveCfg = Release|Any CPU
		{82C29D45-696D-4C39-82A7-8AED1218A86E}.Ad-Hoc|Any CPU.Build.0 = Release|Any CPU
		{82C29D45-696D-4C39-82A7-8AED1218A86E}.Ad-Hoc|ARM.ActiveCfg = Release|Any CPU
		{82C29D45-696D-4C39-82A7-8AED1218A86E}.Ad-Hoc|ARM.Build.0 = Release|Any CPU
		{82C29D45-696D-4C39-82A7-8AED1218A86E}.Ad-Hoc|iPhone.ActiveCfg = Release|Any CPU
		{82C29D45-696D-4C39-82A7-8AED1218A86E}.Ad-Hoc|iPhone.Build.0 = Release|Any CPU
		{82C29D45-696D-4C39-82A7-8AED1218A86E}.Ad-Hoc|iPhoneSimulator.ActiveCfg = Release|Any CPU
		{82C29D45-696D-4C39-82A7-8AED1218A86E}.Ad-Hoc|iPhoneSimulator.Build.0 = Release|Any CPU
		{82C29D45-696D-4C39-82A7-8AED1218A86E}.Ad-Hoc|x64.ActiveCfg = Release|Any CPU
		{82C29D45-696D-4C39-82A7-8AED1218A86E}.Ad-Hoc|x64.Build.0 = Release|Any CPU
		{82C29D45-696D-4C39-82A7-8AED1218A86E}.Ad-Hoc|x86.ActiveCfg = Release|Any CPU
		{82C29D45-696D-4C39-82A7-8AED1218A86E}.Ad-Hoc|x86.Build.0 = Release|Any CPU
		{82C29D45-696D-4C39-82A7-8AED1218A86E}.AppStore|Any CPU.ActiveCfg = Release|Any CPU
		{82C29D45-696D-4C39-82A7-8AED1218A86E}.AppStore|Any CPU.Build.0 = Release|Any CPU
		{82C29D45-696D-4C39-82A7-8AED1218A86E}.AppStore|ARM.ActiveCfg = Release|Any CPU
		{82C29D45-696D-4C39-82A7-8AED1218A86E}.AppStore|ARM.Build.0 = Release|Any CPU
		{82C29D45-696D-4C39-82A7-8AED1218A86E}.AppStore|iPhone.ActiveCfg = Release|Any CPU
		{82C29D45-696D-4C39-82A7-8AED1218A86E}.AppStore|iPhone.Build.0 = Release|Any CPU
		{82C29D45-696D-4C39-82A7-8AED1218A86E}.AppStore|iPhoneSimulator.ActiveCfg = Release|Any CPU
		{82C29D45-696D-4C39-82A7-8AED1218A86E}.AppStore|iPhoneSimulator.Build.0 = Release|Any CPU
		{82C29D45-696D-4C39-82A7-8AED1218A86E}.AppStore|x64.ActiveCfg = Release|Any CPU
		{82C29D45-696D-4C39-82A7-8AED1218A86E}.AppStore|x64.Build.0 = Release|Any CPU
		{82C29D45-696D-4C39-82A7-8AED1218A86E}.AppStore|x86.ActiveCfg = Release|Any CPU
		{82C29D45-696D-4C39-82A7-8AED1218A86E}.AppStore|x86.Build.0 = Release|Any CPU
		{82C29D45-696D-4C39-82A7-8AED1218A86E}.Debug|Any CPU.ActiveCfg = Debug|Any CPU
		{82C29D45-696D-4C39-82A7-8AED1218A86E}.Debug|ARM.ActiveCfg = Debug|Any CPU
		{82C29D45-696D-4C39-82A7-8AED1218A86E}.Debug|ARM.Build.0 = Debug|Any CPU
		{82C29D45-696D-4C39-82A7-8AED1218A86E}.Debug|iPhone.ActiveCfg = Debug|Any CPU
		{82C29D45-696D-4C39-82A7-8AED1218A86E}.Debug|iPhone.Build.0 = Debug|Any CPU
		{82C29D45-696D-4C39-82A7-8AED1218A86E}.Debug|iPhoneSimulator.ActiveCfg = Debug|Any CPU
		{82C29D45-696D-4C39-82A7-8AED1218A86E}.Debug|iPhoneSimulator.Build.0 = Debug|Any CPU
		{82C29D45-696D-4C39-82A7-8AED1218A86E}.Debug|x64.ActiveCfg = Debug|Any CPU
		{82C29D45-696D-4C39-82A7-8AED1218A86E}.Debug|x64.Build.0 = Debug|Any CPU
		{82C29D45-696D-4C39-82A7-8AED1218A86E}.Debug|x86.ActiveCfg = Debug|Any CPU
		{82C29D45-696D-4C39-82A7-8AED1218A86E}.Debug|x86.Build.0 = Debug|Any CPU
		{82C29D45-696D-4C39-82A7-8AED1218A86E}.Release|Any CPU.ActiveCfg = Release|Any CPU
		{82C29D45-696D-4C39-82A7-8AED1218A86E}.Release|Any CPU.Build.0 = Release|Any CPU
		{82C29D45-696D-4C39-82A7-8AED1218A86E}.Release|ARM.ActiveCfg = Release|Any CPU
		{82C29D45-696D-4C39-82A7-8AED1218A86E}.Release|ARM.Build.0 = Release|Any CPU
		{82C29D45-696D-4C39-82A7-8AED1218A86E}.Release|iPhone.ActiveCfg = Release|Any CPU
		{82C29D45-696D-4C39-82A7-8AED1218A86E}.Release|iPhone.Build.0 = Release|Any CPU
		{82C29D45-696D-4C39-82A7-8AED1218A86E}.Release|iPhoneSimulator.ActiveCfg = Release|Any CPU
		{82C29D45-696D-4C39-82A7-8AED1218A86E}.Release|iPhoneSimulator.Build.0 = Release|Any CPU
		{82C29D45-696D-4C39-82A7-8AED1218A86E}.Release|x64.ActiveCfg = Release|Any CPU
		{82C29D45-696D-4C39-82A7-8AED1218A86E}.Release|x64.Build.0 = Release|Any CPU
		{82C29D45-696D-4C39-82A7-8AED1218A86E}.Release|x86.ActiveCfg = Release|Any CPU
		{82C29D45-696D-4C39-82A7-8AED1218A86E}.Release|x86.Build.0 = Release|Any CPU
		{152139B5-D8C0-4EB8-BEA9-F2678D416D4D}.Ad-Hoc|Any CPU.ActiveCfg = Release|Any CPU
		{152139B5-D8C0-4EB8-BEA9-F2678D416D4D}.Ad-Hoc|Any CPU.Build.0 = Release|Any CPU
		{152139B5-D8C0-4EB8-BEA9-F2678D416D4D}.Ad-Hoc|ARM.ActiveCfg = Release|Any CPU
		{152139B5-D8C0-4EB8-BEA9-F2678D416D4D}.Ad-Hoc|ARM.Build.0 = Release|Any CPU
		{152139B5-D8C0-4EB8-BEA9-F2678D416D4D}.Ad-Hoc|iPhone.ActiveCfg = Release|Any CPU
		{152139B5-D8C0-4EB8-BEA9-F2678D416D4D}.Ad-Hoc|iPhone.Build.0 = Release|Any CPU
		{152139B5-D8C0-4EB8-BEA9-F2678D416D4D}.Ad-Hoc|iPhoneSimulator.ActiveCfg = Release|Any CPU
		{152139B5-D8C0-4EB8-BEA9-F2678D416D4D}.Ad-Hoc|iPhoneSimulator.Build.0 = Release|Any CPU
		{152139B5-D8C0-4EB8-BEA9-F2678D416D4D}.Ad-Hoc|x64.ActiveCfg = Release|Any CPU
		{152139B5-D8C0-4EB8-BEA9-F2678D416D4D}.Ad-Hoc|x64.Build.0 = Release|Any CPU
		{152139B5-D8C0-4EB8-BEA9-F2678D416D4D}.Ad-Hoc|x86.ActiveCfg = Release|Any CPU
		{152139B5-D8C0-4EB8-BEA9-F2678D416D4D}.Ad-Hoc|x86.Build.0 = Release|Any CPU
		{152139B5-D8C0-4EB8-BEA9-F2678D416D4D}.AppStore|Any CPU.ActiveCfg = Release|Any CPU
		{152139B5-D8C0-4EB8-BEA9-F2678D416D4D}.AppStore|Any CPU.Build.0 = Release|Any CPU
		{152139B5-D8C0-4EB8-BEA9-F2678D416D4D}.AppStore|ARM.ActiveCfg = Release|Any CPU
		{152139B5-D8C0-4EB8-BEA9-F2678D416D4D}.AppStore|ARM.Build.0 = Release|Any CPU
		{152139B5-D8C0-4EB8-BEA9-F2678D416D4D}.AppStore|iPhone.ActiveCfg = Release|Any CPU
		{152139B5-D8C0-4EB8-BEA9-F2678D416D4D}.AppStore|iPhone.Build.0 = Release|Any CPU
		{152139B5-D8C0-4EB8-BEA9-F2678D416D4D}.AppStore|iPhoneSimulator.ActiveCfg = Release|Any CPU
		{152139B5-D8C0-4EB8-BEA9-F2678D416D4D}.AppStore|iPhoneSimulator.Build.0 = Release|Any CPU
		{152139B5-D8C0-4EB8-BEA9-F2678D416D4D}.AppStore|x64.ActiveCfg = Release|Any CPU
		{152139B5-D8C0-4EB8-BEA9-F2678D416D4D}.AppStore|x64.Build.0 = Release|Any CPU
		{152139B5-D8C0-4EB8-BEA9-F2678D416D4D}.AppStore|x86.ActiveCfg = Release|Any CPU
		{152139B5-D8C0-4EB8-BEA9-F2678D416D4D}.AppStore|x86.Build.0 = Release|Any CPU
		{152139B5-D8C0-4EB8-BEA9-F2678D416D4D}.Debug|Any CPU.ActiveCfg = Debug|Any CPU
		{152139B5-D8C0-4EB8-BEA9-F2678D416D4D}.Debug|ARM.ActiveCfg = Debug|Any CPU
		{152139B5-D8C0-4EB8-BEA9-F2678D416D4D}.Debug|ARM.Build.0 = Debug|Any CPU
		{152139B5-D8C0-4EB8-BEA9-F2678D416D4D}.Debug|iPhone.ActiveCfg = Debug|Any CPU
		{152139B5-D8C0-4EB8-BEA9-F2678D416D4D}.Debug|iPhone.Build.0 = Debug|Any CPU
		{152139B5-D8C0-4EB8-BEA9-F2678D416D4D}.Debug|iPhoneSimulator.ActiveCfg = Debug|Any CPU
		{152139B5-D8C0-4EB8-BEA9-F2678D416D4D}.Debug|iPhoneSimulator.Build.0 = Debug|Any CPU
		{152139B5-D8C0-4EB8-BEA9-F2678D416D4D}.Debug|x64.ActiveCfg = Debug|Any CPU
		{152139B5-D8C0-4EB8-BEA9-F2678D416D4D}.Debug|x64.Build.0 = Debug|Any CPU
		{152139B5-D8C0-4EB8-BEA9-F2678D416D4D}.Debug|x86.ActiveCfg = Debug|Any CPU
		{152139B5-D8C0-4EB8-BEA9-F2678D416D4D}.Debug|x86.Build.0 = Debug|Any CPU
		{152139B5-D8C0-4EB8-BEA9-F2678D416D4D}.Release|Any CPU.ActiveCfg = Release|Any CPU
		{152139B5-D8C0-4EB8-BEA9-F2678D416D4D}.Release|Any CPU.Build.0 = Release|Any CPU
		{152139B5-D8C0-4EB8-BEA9-F2678D416D4D}.Release|ARM.ActiveCfg = Release|Any CPU
		{152139B5-D8C0-4EB8-BEA9-F2678D416D4D}.Release|ARM.Build.0 = Release|Any CPU
		{152139B5-D8C0-4EB8-BEA9-F2678D416D4D}.Release|iPhone.ActiveCfg = Release|Any CPU
		{152139B5-D8C0-4EB8-BEA9-F2678D416D4D}.Release|iPhone.Build.0 = Release|Any CPU
		{152139B5-D8C0-4EB8-BEA9-F2678D416D4D}.Release|iPhoneSimulator.ActiveCfg = Release|Any CPU
		{152139B5-D8C0-4EB8-BEA9-F2678D416D4D}.Release|iPhoneSimulator.Build.0 = Release|Any CPU
		{152139B5-D8C0-4EB8-BEA9-F2678D416D4D}.Release|x64.ActiveCfg = Release|Any CPU
		{152139B5-D8C0-4EB8-BEA9-F2678D416D4D}.Release|x64.Build.0 = Release|Any CPU
		{152139B5-D8C0-4EB8-BEA9-F2678D416D4D}.Release|x86.ActiveCfg = Release|Any CPU
		{152139B5-D8C0-4EB8-BEA9-F2678D416D4D}.Release|x86.Build.0 = Release|Any CPU
		{EBFA9A6E-3806-43F9-A8AE-42AC712E2EBB}.Ad-Hoc|Any CPU.ActiveCfg = Release|x64
		{EBFA9A6E-3806-43F9-A8AE-42AC712E2EBB}.Ad-Hoc|Any CPU.Build.0 = Release|x64
		{EBFA9A6E-3806-43F9-A8AE-42AC712E2EBB}.Ad-Hoc|Any CPU.Deploy.0 = Release|x64
		{EBFA9A6E-3806-43F9-A8AE-42AC712E2EBB}.Ad-Hoc|ARM.ActiveCfg = Release|ARM
		{EBFA9A6E-3806-43F9-A8AE-42AC712E2EBB}.Ad-Hoc|ARM.Build.0 = Release|ARM
		{EBFA9A6E-3806-43F9-A8AE-42AC712E2EBB}.Ad-Hoc|ARM.Deploy.0 = Release|ARM
		{EBFA9A6E-3806-43F9-A8AE-42AC712E2EBB}.Ad-Hoc|iPhone.ActiveCfg = Release|x64
		{EBFA9A6E-3806-43F9-A8AE-42AC712E2EBB}.Ad-Hoc|iPhone.Build.0 = Release|x64
		{EBFA9A6E-3806-43F9-A8AE-42AC712E2EBB}.Ad-Hoc|iPhone.Deploy.0 = Release|x64
		{EBFA9A6E-3806-43F9-A8AE-42AC712E2EBB}.Ad-Hoc|iPhoneSimulator.ActiveCfg = Release|x64
		{EBFA9A6E-3806-43F9-A8AE-42AC712E2EBB}.Ad-Hoc|iPhoneSimulator.Build.0 = Release|x64
		{EBFA9A6E-3806-43F9-A8AE-42AC712E2EBB}.Ad-Hoc|iPhoneSimulator.Deploy.0 = Release|x64
		{EBFA9A6E-3806-43F9-A8AE-42AC712E2EBB}.Ad-Hoc|x64.ActiveCfg = Release|x64
		{EBFA9A6E-3806-43F9-A8AE-42AC712E2EBB}.Ad-Hoc|x64.Build.0 = Release|x64
		{EBFA9A6E-3806-43F9-A8AE-42AC712E2EBB}.Ad-Hoc|x64.Deploy.0 = Release|x64
		{EBFA9A6E-3806-43F9-A8AE-42AC712E2EBB}.Ad-Hoc|x86.ActiveCfg = Release|x86
		{EBFA9A6E-3806-43F9-A8AE-42AC712E2EBB}.Ad-Hoc|x86.Build.0 = Release|x86
		{EBFA9A6E-3806-43F9-A8AE-42AC712E2EBB}.Ad-Hoc|x86.Deploy.0 = Release|x86
		{EBFA9A6E-3806-43F9-A8AE-42AC712E2EBB}.AppStore|Any CPU.ActiveCfg = Release|x64
		{EBFA9A6E-3806-43F9-A8AE-42AC712E2EBB}.AppStore|Any CPU.Build.0 = Release|x64
		{EBFA9A6E-3806-43F9-A8AE-42AC712E2EBB}.AppStore|Any CPU.Deploy.0 = Release|x64
		{EBFA9A6E-3806-43F9-A8AE-42AC712E2EBB}.AppStore|ARM.ActiveCfg = Release|ARM
		{EBFA9A6E-3806-43F9-A8AE-42AC712E2EBB}.AppStore|ARM.Build.0 = Release|ARM
		{EBFA9A6E-3806-43F9-A8AE-42AC712E2EBB}.AppStore|ARM.Deploy.0 = Release|ARM
		{EBFA9A6E-3806-43F9-A8AE-42AC712E2EBB}.AppStore|iPhone.ActiveCfg = Release|x64
		{EBFA9A6E-3806-43F9-A8AE-42AC712E2EBB}.AppStore|iPhone.Build.0 = Release|x64
		{EBFA9A6E-3806-43F9-A8AE-42AC712E2EBB}.AppStore|iPhone.Deploy.0 = Release|x64
		{EBFA9A6E-3806-43F9-A8AE-42AC712E2EBB}.AppStore|iPhoneSimulator.ActiveCfg = Release|x64
		{EBFA9A6E-3806-43F9-A8AE-42AC712E2EBB}.AppStore|iPhoneSimulator.Build.0 = Release|x64
		{EBFA9A6E-3806-43F9-A8AE-42AC712E2EBB}.AppStore|iPhoneSimulator.Deploy.0 = Release|x64
		{EBFA9A6E-3806-43F9-A8AE-42AC712E2EBB}.AppStore|x64.ActiveCfg = Release|x64
		{EBFA9A6E-3806-43F9-A8AE-42AC712E2EBB}.AppStore|x64.Build.0 = Release|x64
		{EBFA9A6E-3806-43F9-A8AE-42AC712E2EBB}.AppStore|x64.Deploy.0 = Release|x64
		{EBFA9A6E-3806-43F9-A8AE-42AC712E2EBB}.AppStore|x86.ActiveCfg = Release|x86
		{EBFA9A6E-3806-43F9-A8AE-42AC712E2EBB}.AppStore|x86.Build.0 = Release|x86
		{EBFA9A6E-3806-43F9-A8AE-42AC712E2EBB}.AppStore|x86.Deploy.0 = Release|x86
		{EBFA9A6E-3806-43F9-A8AE-42AC712E2EBB}.Debug|Any CPU.ActiveCfg = Debug|x86
		{EBFA9A6E-3806-43F9-A8AE-42AC712E2EBB}.Debug|ARM.ActiveCfg = Debug|ARM
		{EBFA9A6E-3806-43F9-A8AE-42AC712E2EBB}.Debug|ARM.Build.0 = Debug|ARM
		{EBFA9A6E-3806-43F9-A8AE-42AC712E2EBB}.Debug|ARM.Deploy.0 = Debug|ARM
		{EBFA9A6E-3806-43F9-A8AE-42AC712E2EBB}.Debug|iPhone.ActiveCfg = Debug|x86
		{EBFA9A6E-3806-43F9-A8AE-42AC712E2EBB}.Debug|iPhoneSimulator.ActiveCfg = Debug|x86
		{EBFA9A6E-3806-43F9-A8AE-42AC712E2EBB}.Debug|x64.ActiveCfg = Debug|x64
		{EBFA9A6E-3806-43F9-A8AE-42AC712E2EBB}.Debug|x64.Build.0 = Debug|x64
		{EBFA9A6E-3806-43F9-A8AE-42AC712E2EBB}.Debug|x64.Deploy.0 = Debug|x64
		{EBFA9A6E-3806-43F9-A8AE-42AC712E2EBB}.Debug|x86.ActiveCfg = Debug|x86
		{EBFA9A6E-3806-43F9-A8AE-42AC712E2EBB}.Debug|x86.Build.0 = Debug|x86
		{EBFA9A6E-3806-43F9-A8AE-42AC712E2EBB}.Debug|x86.Deploy.0 = Debug|x86
		{EBFA9A6E-3806-43F9-A8AE-42AC712E2EBB}.Release|Any CPU.ActiveCfg = Release|x86
		{EBFA9A6E-3806-43F9-A8AE-42AC712E2EBB}.Release|ARM.ActiveCfg = Release|ARM
		{EBFA9A6E-3806-43F9-A8AE-42AC712E2EBB}.Release|ARM.Build.0 = Release|ARM
		{EBFA9A6E-3806-43F9-A8AE-42AC712E2EBB}.Release|ARM.Deploy.0 = Release|ARM
		{EBFA9A6E-3806-43F9-A8AE-42AC712E2EBB}.Release|iPhone.ActiveCfg = Release|x86
		{EBFA9A6E-3806-43F9-A8AE-42AC712E2EBB}.Release|iPhoneSimulator.ActiveCfg = Release|x86
		{EBFA9A6E-3806-43F9-A8AE-42AC712E2EBB}.Release|x64.ActiveCfg = Release|x64
		{EBFA9A6E-3806-43F9-A8AE-42AC712E2EBB}.Release|x64.Build.0 = Release|x64
		{EBFA9A6E-3806-43F9-A8AE-42AC712E2EBB}.Release|x64.Deploy.0 = Release|x64
		{EBFA9A6E-3806-43F9-A8AE-42AC712E2EBB}.Release|x86.ActiveCfg = Release|x86
		{EBFA9A6E-3806-43F9-A8AE-42AC712E2EBB}.Release|x86.Build.0 = Release|x86
		{EBFA9A6E-3806-43F9-A8AE-42AC712E2EBB}.Release|x86.Deploy.0 = Release|x86
		{C4E3C25B-8B30-4A3E-88DE-57E2D71D7690}.Ad-Hoc|Any CPU.ActiveCfg = Debug|Any CPU
		{C4E3C25B-8B30-4A3E-88DE-57E2D71D7690}.Ad-Hoc|Any CPU.Build.0 = Debug|Any CPU
		{C4E3C25B-8B30-4A3E-88DE-57E2D71D7690}.Ad-Hoc|ARM.ActiveCfg = Debug|Any CPU
		{C4E3C25B-8B30-4A3E-88DE-57E2D71D7690}.Ad-Hoc|ARM.Build.0 = Debug|Any CPU
		{C4E3C25B-8B30-4A3E-88DE-57E2D71D7690}.Ad-Hoc|iPhone.ActiveCfg = Debug|Any CPU
		{C4E3C25B-8B30-4A3E-88DE-57E2D71D7690}.Ad-Hoc|iPhone.Build.0 = Debug|Any CPU
		{C4E3C25B-8B30-4A3E-88DE-57E2D71D7690}.Ad-Hoc|iPhoneSimulator.ActiveCfg = Debug|Any CPU
		{C4E3C25B-8B30-4A3E-88DE-57E2D71D7690}.Ad-Hoc|iPhoneSimulator.Build.0 = Debug|Any CPU
		{C4E3C25B-8B30-4A3E-88DE-57E2D71D7690}.Ad-Hoc|x64.ActiveCfg = Debug|Any CPU
		{C4E3C25B-8B30-4A3E-88DE-57E2D71D7690}.Ad-Hoc|x64.Build.0 = Debug|Any CPU
		{C4E3C25B-8B30-4A3E-88DE-57E2D71D7690}.Ad-Hoc|x86.ActiveCfg = Debug|Any CPU
		{C4E3C25B-8B30-4A3E-88DE-57E2D71D7690}.Ad-Hoc|x86.Build.0 = Debug|Any CPU
		{C4E3C25B-8B30-4A3E-88DE-57E2D71D7690}.AppStore|Any CPU.ActiveCfg = Debug|Any CPU
		{C4E3C25B-8B30-4A3E-88DE-57E2D71D7690}.AppStore|Any CPU.Build.0 = Debug|Any CPU
		{C4E3C25B-8B30-4A3E-88DE-57E2D71D7690}.AppStore|ARM.ActiveCfg = Debug|Any CPU
		{C4E3C25B-8B30-4A3E-88DE-57E2D71D7690}.AppStore|ARM.Build.0 = Debug|Any CPU
		{C4E3C25B-8B30-4A3E-88DE-57E2D71D7690}.AppStore|iPhone.ActiveCfg = Debug|Any CPU
		{C4E3C25B-8B30-4A3E-88DE-57E2D71D7690}.AppStore|iPhone.Build.0 = Debug|Any CPU
		{C4E3C25B-8B30-4A3E-88DE-57E2D71D7690}.AppStore|iPhoneSimulator.ActiveCfg = Debug|Any CPU
		{C4E3C25B-8B30-4A3E-88DE-57E2D71D7690}.AppStore|iPhoneSimulator.Build.0 = Debug|Any CPU
		{C4E3C25B-8B30-4A3E-88DE-57E2D71D7690}.AppStore|x64.ActiveCfg = Debug|Any CPU
		{C4E3C25B-8B30-4A3E-88DE-57E2D71D7690}.AppStore|x64.Build.0 = Debug|Any CPU
		{C4E3C25B-8B30-4A3E-88DE-57E2D71D7690}.AppStore|x86.ActiveCfg = Debug|Any CPU
		{C4E3C25B-8B30-4A3E-88DE-57E2D71D7690}.AppStore|x86.Build.0 = Debug|Any CPU
		{C4E3C25B-8B30-4A3E-88DE-57E2D71D7690}.Debug|Any CPU.ActiveCfg = Debug|Any CPU
		{C4E3C25B-8B30-4A3E-88DE-57E2D71D7690}.Debug|Any CPU.Build.0 = Debug|Any CPU
		{C4E3C25B-8B30-4A3E-88DE-57E2D71D7690}.Debug|ARM.ActiveCfg = Debug|Any CPU
		{C4E3C25B-8B30-4A3E-88DE-57E2D71D7690}.Debug|ARM.Build.0 = Debug|Any CPU
		{C4E3C25B-8B30-4A3E-88DE-57E2D71D7690}.Debug|iPhone.ActiveCfg = Debug|Any CPU
		{C4E3C25B-8B30-4A3E-88DE-57E2D71D7690}.Debug|iPhone.Build.0 = Debug|Any CPU
		{C4E3C25B-8B30-4A3E-88DE-57E2D71D7690}.Debug|iPhoneSimulator.ActiveCfg = Debug|Any CPU
		{C4E3C25B-8B30-4A3E-88DE-57E2D71D7690}.Debug|iPhoneSimulator.Build.0 = Debug|Any CPU
		{C4E3C25B-8B30-4A3E-88DE-57E2D71D7690}.Debug|x64.ActiveCfg = Debug|Any CPU
		{C4E3C25B-8B30-4A3E-88DE-57E2D71D7690}.Debug|x64.Build.0 = Debug|Any CPU
		{C4E3C25B-8B30-4A3E-88DE-57E2D71D7690}.Debug|x86.ActiveCfg = Debug|Any CPU
		{C4E3C25B-8B30-4A3E-88DE-57E2D71D7690}.Debug|x86.Build.0 = Debug|Any CPU
		{C4E3C25B-8B30-4A3E-88DE-57E2D71D7690}.Release|Any CPU.ActiveCfg = Release|Any CPU
		{C4E3C25B-8B30-4A3E-88DE-57E2D71D7690}.Release|Any CPU.Build.0 = Release|Any CPU
		{C4E3C25B-8B30-4A3E-88DE-57E2D71D7690}.Release|ARM.ActiveCfg = Release|Any CPU
		{C4E3C25B-8B30-4A3E-88DE-57E2D71D7690}.Release|ARM.Build.0 = Release|Any CPU
		{C4E3C25B-8B30-4A3E-88DE-57E2D71D7690}.Release|iPhone.ActiveCfg = Release|Any CPU
		{C4E3C25B-8B30-4A3E-88DE-57E2D71D7690}.Release|iPhone.Build.0 = Release|Any CPU
		{C4E3C25B-8B30-4A3E-88DE-57E2D71D7690}.Release|iPhoneSimulator.ActiveCfg = Release|Any CPU
		{C4E3C25B-8B30-4A3E-88DE-57E2D71D7690}.Release|iPhoneSimulator.Build.0 = Release|Any CPU
		{C4E3C25B-8B30-4A3E-88DE-57E2D71D7690}.Release|x64.ActiveCfg = Release|Any CPU
		{C4E3C25B-8B30-4A3E-88DE-57E2D71D7690}.Release|x64.Build.0 = Release|Any CPU
		{C4E3C25B-8B30-4A3E-88DE-57E2D71D7690}.Release|x86.ActiveCfg = Release|Any CPU
		{C4E3C25B-8B30-4A3E-88DE-57E2D71D7690}.Release|x86.Build.0 = Release|Any CPU
		{D6FC87BB-CD1B-4711-81B0-B22DEFDCD67B}.Ad-Hoc|Any CPU.ActiveCfg = Debug|Any CPU
		{D6FC87BB-CD1B-4711-81B0-B22DEFDCD67B}.Ad-Hoc|Any CPU.Build.0 = Debug|Any CPU
		{D6FC87BB-CD1B-4711-81B0-B22DEFDCD67B}.Ad-Hoc|ARM.ActiveCfg = Debug|Any CPU
		{D6FC87BB-CD1B-4711-81B0-B22DEFDCD67B}.Ad-Hoc|ARM.Build.0 = Debug|Any CPU
		{D6FC87BB-CD1B-4711-81B0-B22DEFDCD67B}.Ad-Hoc|iPhone.ActiveCfg = Debug|Any CPU
		{D6FC87BB-CD1B-4711-81B0-B22DEFDCD67B}.Ad-Hoc|iPhone.Build.0 = Debug|Any CPU
		{D6FC87BB-CD1B-4711-81B0-B22DEFDCD67B}.Ad-Hoc|iPhoneSimulator.ActiveCfg = Debug|Any CPU
		{D6FC87BB-CD1B-4711-81B0-B22DEFDCD67B}.Ad-Hoc|iPhoneSimulator.Build.0 = Debug|Any CPU
		{D6FC87BB-CD1B-4711-81B0-B22DEFDCD67B}.Ad-Hoc|x64.ActiveCfg = Debug|Any CPU
		{D6FC87BB-CD1B-4711-81B0-B22DEFDCD67B}.Ad-Hoc|x64.Build.0 = Debug|Any CPU
		{D6FC87BB-CD1B-4711-81B0-B22DEFDCD67B}.Ad-Hoc|x86.ActiveCfg = Debug|Any CPU
		{D6FC87BB-CD1B-4711-81B0-B22DEFDCD67B}.Ad-Hoc|x86.Build.0 = Debug|Any CPU
		{D6FC87BB-CD1B-4711-81B0-B22DEFDCD67B}.AppStore|Any CPU.ActiveCfg = Debug|Any CPU
		{D6FC87BB-CD1B-4711-81B0-B22DEFDCD67B}.AppStore|Any CPU.Build.0 = Debug|Any CPU
		{D6FC87BB-CD1B-4711-81B0-B22DEFDCD67B}.AppStore|ARM.ActiveCfg = Debug|Any CPU
		{D6FC87BB-CD1B-4711-81B0-B22DEFDCD67B}.AppStore|ARM.Build.0 = Debug|Any CPU
		{D6FC87BB-CD1B-4711-81B0-B22DEFDCD67B}.AppStore|iPhone.ActiveCfg = Debug|Any CPU
		{D6FC87BB-CD1B-4711-81B0-B22DEFDCD67B}.AppStore|iPhone.Build.0 = Debug|Any CPU
		{D6FC87BB-CD1B-4711-81B0-B22DEFDCD67B}.AppStore|iPhoneSimulator.ActiveCfg = Debug|Any CPU
		{D6FC87BB-CD1B-4711-81B0-B22DEFDCD67B}.AppStore|iPhoneSimulator.Build.0 = Debug|Any CPU
		{D6FC87BB-CD1B-4711-81B0-B22DEFDCD67B}.AppStore|x64.ActiveCfg = Debug|Any CPU
		{D6FC87BB-CD1B-4711-81B0-B22DEFDCD67B}.AppStore|x64.Build.0 = Debug|Any CPU
		{D6FC87BB-CD1B-4711-81B0-B22DEFDCD67B}.AppStore|x86.ActiveCfg = Debug|Any CPU
		{D6FC87BB-CD1B-4711-81B0-B22DEFDCD67B}.AppStore|x86.Build.0 = Debug|Any CPU
		{D6FC87BB-CD1B-4711-81B0-B22DEFDCD67B}.Debug|Any CPU.ActiveCfg = Debug|Any CPU
		{D6FC87BB-CD1B-4711-81B0-B22DEFDCD67B}.Debug|Any CPU.Build.0 = Debug|Any CPU
		{D6FC87BB-CD1B-4711-81B0-B22DEFDCD67B}.Debug|ARM.ActiveCfg = Debug|Any CPU
		{D6FC87BB-CD1B-4711-81B0-B22DEFDCD67B}.Debug|ARM.Build.0 = Debug|Any CPU
		{D6FC87BB-CD1B-4711-81B0-B22DEFDCD67B}.Debug|iPhone.ActiveCfg = Debug|Any CPU
		{D6FC87BB-CD1B-4711-81B0-B22DEFDCD67B}.Debug|iPhone.Build.0 = Debug|Any CPU
		{D6FC87BB-CD1B-4711-81B0-B22DEFDCD67B}.Debug|iPhoneSimulator.ActiveCfg = Debug|Any CPU
		{D6FC87BB-CD1B-4711-81B0-B22DEFDCD67B}.Debug|iPhoneSimulator.Build.0 = Debug|Any CPU
		{D6FC87BB-CD1B-4711-81B0-B22DEFDCD67B}.Debug|x64.ActiveCfg = Debug|Any CPU
		{D6FC87BB-CD1B-4711-81B0-B22DEFDCD67B}.Debug|x64.Build.0 = Debug|Any CPU
		{D6FC87BB-CD1B-4711-81B0-B22DEFDCD67B}.Debug|x86.ActiveCfg = Debug|Any CPU
		{D6FC87BB-CD1B-4711-81B0-B22DEFDCD67B}.Debug|x86.Build.0 = Debug|Any CPU
		{D6FC87BB-CD1B-4711-81B0-B22DEFDCD67B}.Release|Any CPU.ActiveCfg = Release|Any CPU
		{D6FC87BB-CD1B-4711-81B0-B22DEFDCD67B}.Release|Any CPU.Build.0 = Release|Any CPU
		{D6FC87BB-CD1B-4711-81B0-B22DEFDCD67B}.Release|ARM.ActiveCfg = Release|Any CPU
		{D6FC87BB-CD1B-4711-81B0-B22DEFDCD67B}.Release|ARM.Build.0 = Release|Any CPU
		{D6FC87BB-CD1B-4711-81B0-B22DEFDCD67B}.Release|iPhone.ActiveCfg = Release|Any CPU
		{D6FC87BB-CD1B-4711-81B0-B22DEFDCD67B}.Release|iPhone.Build.0 = Release|Any CPU
		{D6FC87BB-CD1B-4711-81B0-B22DEFDCD67B}.Release|iPhoneSimulator.ActiveCfg = Release|Any CPU
		{D6FC87BB-CD1B-4711-81B0-B22DEFDCD67B}.Release|iPhoneSimulator.Build.0 = Release|Any CPU
		{D6FC87BB-CD1B-4711-81B0-B22DEFDCD67B}.Release|x64.ActiveCfg = Release|Any CPU
		{D6FC87BB-CD1B-4711-81B0-B22DEFDCD67B}.Release|x64.Build.0 = Release|Any CPU
		{D6FC87BB-CD1B-4711-81B0-B22DEFDCD67B}.Release|x86.ActiveCfg = Release|Any CPU
		{D6FC87BB-CD1B-4711-81B0-B22DEFDCD67B}.Release|x86.Build.0 = Release|Any CPU
		{8DB9A3AD-71DA-4194-8535-49563B11ABA5}.Ad-Hoc|Any CPU.ActiveCfg = Debug|Any CPU
		{8DB9A3AD-71DA-4194-8535-49563B11ABA5}.Ad-Hoc|Any CPU.Build.0 = Debug|Any CPU
		{8DB9A3AD-71DA-4194-8535-49563B11ABA5}.Ad-Hoc|ARM.ActiveCfg = Debug|Any CPU
		{8DB9A3AD-71DA-4194-8535-49563B11ABA5}.Ad-Hoc|ARM.Build.0 = Debug|Any CPU
		{8DB9A3AD-71DA-4194-8535-49563B11ABA5}.Ad-Hoc|iPhone.ActiveCfg = Debug|Any CPU
		{8DB9A3AD-71DA-4194-8535-49563B11ABA5}.Ad-Hoc|iPhone.Build.0 = Debug|Any CPU
		{8DB9A3AD-71DA-4194-8535-49563B11ABA5}.Ad-Hoc|iPhoneSimulator.ActiveCfg = Debug|Any CPU
		{8DB9A3AD-71DA-4194-8535-49563B11ABA5}.Ad-Hoc|iPhoneSimulator.Build.0 = Debug|Any CPU
		{8DB9A3AD-71DA-4194-8535-49563B11ABA5}.Ad-Hoc|x64.ActiveCfg = Debug|Any CPU
		{8DB9A3AD-71DA-4194-8535-49563B11ABA5}.Ad-Hoc|x64.Build.0 = Debug|Any CPU
		{8DB9A3AD-71DA-4194-8535-49563B11ABA5}.Ad-Hoc|x86.ActiveCfg = Debug|Any CPU
		{8DB9A3AD-71DA-4194-8535-49563B11ABA5}.Ad-Hoc|x86.Build.0 = Debug|Any CPU
		{8DB9A3AD-71DA-4194-8535-49563B11ABA5}.AppStore|Any CPU.ActiveCfg = Debug|Any CPU
		{8DB9A3AD-71DA-4194-8535-49563B11ABA5}.AppStore|Any CPU.Build.0 = Debug|Any CPU
		{8DB9A3AD-71DA-4194-8535-49563B11ABA5}.AppStore|ARM.ActiveCfg = Debug|Any CPU
		{8DB9A3AD-71DA-4194-8535-49563B11ABA5}.AppStore|ARM.Build.0 = Debug|Any CPU
		{8DB9A3AD-71DA-4194-8535-49563B11ABA5}.AppStore|iPhone.ActiveCfg = Debug|Any CPU
		{8DB9A3AD-71DA-4194-8535-49563B11ABA5}.AppStore|iPhone.Build.0 = Debug|Any CPU
		{8DB9A3AD-71DA-4194-8535-49563B11ABA5}.AppStore|iPhoneSimulator.ActiveCfg = Debug|Any CPU
		{8DB9A3AD-71DA-4194-8535-49563B11ABA5}.AppStore|iPhoneSimulator.Build.0 = Debug|Any CPU
		{8DB9A3AD-71DA-4194-8535-49563B11ABA5}.AppStore|x64.ActiveCfg = Debug|Any CPU
		{8DB9A3AD-71DA-4194-8535-49563B11ABA5}.AppStore|x64.Build.0 = Debug|Any CPU
		{8DB9A3AD-71DA-4194-8535-49563B11ABA5}.AppStore|x86.ActiveCfg = Debug|Any CPU
		{8DB9A3AD-71DA-4194-8535-49563B11ABA5}.AppStore|x86.Build.0 = Debug|Any CPU
		{8DB9A3AD-71DA-4194-8535-49563B11ABA5}.Debug|Any CPU.ActiveCfg = Debug|Any CPU
		{8DB9A3AD-71DA-4194-8535-49563B11ABA5}.Debug|ARM.ActiveCfg = Debug|Any CPU
		{8DB9A3AD-71DA-4194-8535-49563B11ABA5}.Debug|ARM.Build.0 = Debug|Any CPU
		{8DB9A3AD-71DA-4194-8535-49563B11ABA5}.Debug|iPhone.ActiveCfg = Debug|Any CPU
		{8DB9A3AD-71DA-4194-8535-49563B11ABA5}.Debug|iPhone.Build.0 = Debug|Any CPU
		{8DB9A3AD-71DA-4194-8535-49563B11ABA5}.Debug|iPhoneSimulator.ActiveCfg = Debug|Any CPU
		{8DB9A3AD-71DA-4194-8535-49563B11ABA5}.Debug|iPhoneSimulator.Build.0 = Debug|Any CPU
		{8DB9A3AD-71DA-4194-8535-49563B11ABA5}.Debug|x64.ActiveCfg = Debug|Any CPU
		{8DB9A3AD-71DA-4194-8535-49563B11ABA5}.Debug|x64.Build.0 = Debug|Any CPU
		{8DB9A3AD-71DA-4194-8535-49563B11ABA5}.Debug|x86.ActiveCfg = Debug|Any CPU
		{8DB9A3AD-71DA-4194-8535-49563B11ABA5}.Debug|x86.Build.0 = Debug|Any CPU
		{8DB9A3AD-71DA-4194-8535-49563B11ABA5}.Release|Any CPU.ActiveCfg = Release|Any CPU
		{8DB9A3AD-71DA-4194-8535-49563B11ABA5}.Release|Any CPU.Build.0 = Release|Any CPU
		{8DB9A3AD-71DA-4194-8535-49563B11ABA5}.Release|ARM.ActiveCfg = Release|Any CPU
		{8DB9A3AD-71DA-4194-8535-49563B11ABA5}.Release|ARM.Build.0 = Release|Any CPU
		{8DB9A3AD-71DA-4194-8535-49563B11ABA5}.Release|iPhone.ActiveCfg = Release|Any CPU
		{8DB9A3AD-71DA-4194-8535-49563B11ABA5}.Release|iPhone.Build.0 = Release|Any CPU
		{8DB9A3AD-71DA-4194-8535-49563B11ABA5}.Release|iPhoneSimulator.ActiveCfg = Release|Any CPU
		{8DB9A3AD-71DA-4194-8535-49563B11ABA5}.Release|iPhoneSimulator.Build.0 = Release|Any CPU
		{8DB9A3AD-71DA-4194-8535-49563B11ABA5}.Release|x64.ActiveCfg = Release|Any CPU
		{8DB9A3AD-71DA-4194-8535-49563B11ABA5}.Release|x64.Build.0 = Release|Any CPU
		{8DB9A3AD-71DA-4194-8535-49563B11ABA5}.Release|x86.ActiveCfg = Release|Any CPU
		{8DB9A3AD-71DA-4194-8535-49563B11ABA5}.Release|x86.Build.0 = Release|Any CPU
	EndGlobalSection
	GlobalSection(SolutionProperties) = preSolution
		HideSolutionNode = FALSE
	EndGlobalSection
	GlobalSection(NestedProjects) = preSolution
		{6279C845-92F8-4333-AB99-3D213163593C} = {5CDA6909-56D2-462D-BC3A-139A7EB3B866}
		{EBFA9A6E-3806-43F9-A8AE-42AC712E2EBB} = {5CDA6909-56D2-462D-BC3A-139A7EB3B866}
		{C4E3C25B-8B30-4A3E-88DE-57E2D71D7690} = {5CDA6909-56D2-462D-BC3A-139A7EB3B866}
		{D6FC87BB-CD1B-4711-81B0-B22DEFDCD67B} = {F4D25B3A-E75A-4774-8750-DD22A09C43AC}
		{8DB9A3AD-71DA-4194-8535-49563B11ABA5} = {5CDA6909-56D2-462D-BC3A-139A7EB3B866}
	EndGlobalSection
	GlobalSection(ExtensibilityGlobals) = postSolution
		SolutionGuid = {8521F23A-92E8-4508-89E3-4ECA17BD9835}
	EndGlobalSection
EndGlobal
