
Microsoft Visual Studio Solution File, Format Version 12.00
# Visual Studio 15
VisualStudioVersion = 15.0.27703.2035
MinimumVisualStudioVersion = 10.0.40219.1
Project("{9A19103F-16F7-4668-BE54-9A1E7A4F7556}") = "CommentQuality", "CommentQuality\CommentQuality.csproj", "{F0E49D64-0B94-4CD5-BAA3-57C13260C368}"
EndProject
Project("{FAE04EC0-301F-11D3-BF4B-00C04F79EFBC}") = "CommentQuality.AspNetCore", "CommentQuality.AspNetCore\CommentQuality.AspNetCore.csproj", "{80AD166D-C437-4D56-9810-4E7A03891AE4}"
EndProject
Project("{FAE04EC0-301F-11D3-BF4B-00C04F79EFBC}") = "CommentQuality.Wasm", "CommentQuality.Wasm\CommentQuality.Wasm.csproj", "{1BC462AF-9514-4962-9153-7E0A2EEC23C4}"
EndProject
Project("{FAE04EC0-301F-11D3-BF4B-00C04F79EFBC}") = "CommentQuality.OouiForms", "CommentQuality.OouiForms\CommentQuality.OouiForms.csproj", "{82C29D45-696D-4C39-82A7-8AED1218A86E}"
EndProject
Global
	GlobalSection(SolutionConfigurationPlatforms) = preSolution
		Debug|Any CPU = Debug|Any CPU
		Release|Any CPU = Release|Any CPU
	EndGlobalSection
	GlobalSection(ProjectConfigurationPlatforms) = postSolution
		{F0E49D64-0B94-4CD5-BAA3-57C13260C368}.Debug|Any CPU.ActiveCfg = Debug|Any CPU
		{F0E49D64-0B94-4CD5-BAA3-57C13260C368}.Debug|Any CPU.Build.0 = Debug|Any CPU
		{F0E49D64-0B94-4CD5-BAA3-57C13260C368}.Release|Any CPU.ActiveCfg = Release|Any CPU
		{F0E49D64-0B94-4CD5-BAA3-57C13260C368}.Release|Any CPU.Build.0 = Release|Any CPU
		{80AD166D-C437-4D56-9810-4E7A03891AE4}.Debug|Any CPU.ActiveCfg = Debug|Any CPU
		{80AD166D-C437-4D56-9810-4E7A03891AE4}.Debug|Any CPU.Build.0 = Debug|Any CPU
		{80AD166D-C437-4D56-9810-4E7A03891AE4}.Release|Any CPU.ActiveCfg = Release|Any CPU
		{80AD166D-C437-4D56-9810-4E7A03891AE4}.Release|Any CPU.Build.0 = Release|Any CPU
		{1BC462AF-9514-4962-9153-7E0A2EEC23C4}.Debug|Any CPU.ActiveCfg = Debug|Any CPU
		{1BC462AF-9514-4962-9153-7E0A2EEC23C4}.Debug|Any CPU.Build.0 = Debug|Any CPU
		{1BC462AF-9514-4962-9153-7E0A2EEC23C4}.Release|Any CPU.ActiveCfg = Release|Any CPU
		{1BC462AF-9514-4962-9153-7E0A2EEC23C4}.Release|Any CPU.Build.0 = Release|Any CPU
		{82C29D45-696D-4C39-82A7-8AED1218A86E}.Debug|Any CPU.ActiveCfg = Debug|Any CPU
		{82C29D45-696D-4C39-82A7-8AED1218A86E}.Debug|Any CPU.Build.0 = Debug|Any CPU
		{82C29D45-696D-4C39-82A7-8AED1218A86E}.Release|Any CPU.ActiveCfg = Release|Any CPU
		{82C29D45-696D-4C39-82A7-8AED1218A86E}.Release|Any CPU.Build.0 = Release|Any CPU
	EndGlobalSection
	GlobalSection(SolutionProperties) = preSolution
		HideSolutionNode = FALSE
	EndGlobalSection
	GlobalSection(ExtensibilityGlobals) = postSolution
		SolutionGuid = {8521F23A-92E8-4508-89E3-4ECA17BD9835}
	EndGlobalSection
EndGlobal
